
Microsoft Visual Studio Solution File, Format Version 12.00
# Visual Studio Version 16
VisualStudioVersion = 16.0.31129.286
MinimumVisualStudioVersion = 10.0.40219.1
Project("{8BC9CEB8-8B4A-11D0-8D11-00A0C91BC942}") = "String", "String\String.vcxproj", "{7AD26F1C-1B81-43D7-A171-09C52CB0AB35}"
EndProject
Global
	GlobalSection(SolutionConfigurationPlatforms) = preSolution
		Debug|x64 = Debug|x64
		Debug|x86 = Debug|x86
		Release|x64 = Release|x64
		Release|x86 = Release|x86
	EndGlobalSection
	GlobalSection(ProjectConfigurationPlatforms) = postSolution
		{7AD26F1C-1B81-43D7-A171-09C52CB0AB35}.Debug|x64.ActiveCfg = Debug|x64
		{7AD26F1C-1B81-43D7-A171-09C52CB0AB35}.Debug|x64.Build.0 = Debug|x64
		{7AD26F1C-1B81-43D7-A171-09C52CB0AB35}.Debug|x86.ActiveCfg = Debug|Win32
		{7AD26F1C-1B81-43D7-A171-09C52CB0AB35}.Debug|x86.Build.0 = Debug|Win32
		{7AD26F1C-1B81-43D7-A171-09C52CB0AB35}.Release|x64.ActiveCfg = Release|x64
		{7AD26F1C-1B81-43D7-A171-09C52CB0AB35}.Release|x64.Build.0 = Release|x64
		{7AD26F1C-1B81-43D7-A171-09C52CB0AB35}.Release|x86.ActiveCfg = Release|Win32
		{7AD26F1C-1B81-43D7-A171-09C52CB0AB35}.Release|x86.Build.0 = Release|Win32
	EndGlobalSection
	GlobalSection(SolutionProperties) = preSolution
		HideSolutionNode = FALSE
	EndGlobalSection
	GlobalSection(ExtensibilityGlobals) = postSolution
		SolutionGuid = {1F4BF733-0E73-444A-AEA0-9AD41A96D68A}
	EndGlobalSection
EndGlobal
